
Microsoft Visual Studio Solution File, Format Version 12.00
# Visual Studio Version 17
VisualStudioVersion = 17.2.32630.192
MinimumVisualStudioVersion = 10.0.40219.1
Project("{FAE04EC0-301F-11D3-BF4B-00C04F79EFBC}") = "IdeaAppCore", "IdeaAppCore\IdeaAppCore.csproj", "{23738A5C-752F-4687-A624-43BC323A5217}"
EndProject
Global
	GlobalSection(SolutionConfigurationPlatforms) = preSolution
		Debug|Any CPU = Debug|Any CPU
		Release|Any CPU = Release|Any CPU
	EndGlobalSection
	GlobalSection(ProjectConfigurationPlatforms) = postSolution
		{23738A5C-752F-4687-A624-43BC323A5217}.Debug|Any CPU.ActiveCfg = Debug|Any CPU
		{23738A5C-752F-4687-A624-43BC323A5217}.Debug|Any CPU.Build.0 = Debug|Any CPU
		{23738A5C-752F-4687-A624-43BC323A5217}.Release|Any CPU.ActiveCfg = Release|Any CPU
		{23738A5C-752F-4687-A624-43BC323A5217}.Release|Any CPU.Build.0 = Release|Any CPU
	EndGlobalSection
	GlobalSection(SolutionProperties) = preSolution
		HideSolutionNode = FALSE
	EndGlobalSection
	GlobalSection(ExtensibilityGlobals) = postSolution
		SolutionGuid = {50E13464-6996-45CF-B326-D7B43579382F}
	EndGlobalSection
EndGlobal
