
Microsoft Visual Studio Solution File, Format Version 12.00
# Visual Studio Version 17
VisualStudioVersion = 17.2.32630.192
MinimumVisualStudioVersion = 10.0.40219.1
Project("{9A19103F-16F7-4668-BE54-9A1E7A4F7556}") = "VideoAppCore", "VideoAppCore\VideoAppCore.csproj", "{14CC0336-7360-4337-BE67-975975B3E16E}"
EndProject
Project("{00D1A9C2-B5F0-4AF3-8072-F6C62B433612}") = "VideoAppCore.SqlServer", "VideoAppCore.SqlServer\VideoAppCore.SqlServer.sqlproj", "{FCCF6974-0AE7-4F30-ADF5-5C1AC10D2C0E}"
EndProject
Project("{9A19103F-16F7-4668-BE54-9A1E7A4F7556}") = "VideoAppCore.Models", "VideoAppCore.Models\VideoAppCore.Models.csproj", "{F5024873-5A7D-44E6-8C0D-2FE47B14CBE6}"
EndProject
Global
	GlobalSection(SolutionConfigurationPlatforms) = preSolution
		Debug|Any CPU = Debug|Any CPU
		Release|Any CPU = Release|Any CPU
	EndGlobalSection
	GlobalSection(ProjectConfigurationPlatforms) = postSolution
		{14CC0336-7360-4337-BE67-975975B3E16E}.Debug|Any CPU.ActiveCfg = Debug|Any CPU
		{14CC0336-7360-4337-BE67-975975B3E16E}.Debug|Any CPU.Build.0 = Debug|Any CPU
		{14CC0336-7360-4337-BE67-975975B3E16E}.Release|Any CPU.ActiveCfg = Release|Any CPU
		{14CC0336-7360-4337-BE67-975975B3E16E}.Release|Any CPU.Build.0 = Release|Any CPU
		{FCCF6974-0AE7-4F30-ADF5-5C1AC10D2C0E}.Debug|Any CPU.ActiveCfg = Debug|Any CPU
		{FCCF6974-0AE7-4F30-ADF5-5C1AC10D2C0E}.Debug|Any CPU.Build.0 = Debug|Any CPU
		{FCCF6974-0AE7-4F30-ADF5-5C1AC10D2C0E}.Debug|Any CPU.Deploy.0 = Debug|Any CPU
		{FCCF6974-0AE7-4F30-ADF5-5C1AC10D2C0E}.Release|Any CPU.ActiveCfg = Release|Any CPU
		{FCCF6974-0AE7-4F30-ADF5-5C1AC10D2C0E}.Release|Any CPU.Build.0 = Release|Any CPU
		{FCCF6974-0AE7-4F30-ADF5-5C1AC10D2C0E}.Release|Any CPU.Deploy.0 = Release|Any CPU
		{F5024873-5A7D-44E6-8C0D-2FE47B14CBE6}.Debug|Any CPU.ActiveCfg = Debug|Any CPU
		{F5024873-5A7D-44E6-8C0D-2FE47B14CBE6}.Debug|Any CPU.Build.0 = Debug|Any CPU
		{F5024873-5A7D-44E6-8C0D-2FE47B14CBE6}.Release|Any CPU.ActiveCfg = Release|Any CPU
		{F5024873-5A7D-44E6-8C0D-2FE47B14CBE6}.Release|Any CPU.Build.0 = Release|Any CPU
	EndGlobalSection
	GlobalSection(SolutionProperties) = preSolution
		HideSolutionNode = FALSE
	EndGlobalSection
	GlobalSection(ExtensibilityGlobals) = postSolution
		SolutionGuid = {B369A10E-55D3-4367-9812-0415E414EF58}
	EndGlobalSection
EndGlobal
